// !$*UTF8*$!
{
	archiveVersion = 1;
	classes = {
	};
	objectVersion = 46;
	objects = {

/* Begin PBXBuildFile section */
		222DB1561DEB1EF400E1A2C0 /* AppDelegate.swift in Sources */ = {isa = PBXBuildFile; fileRef = 222DB1551DEB1EF400E1A2C0 /* AppDelegate.swift */; };
		222DB1581DEB1EF400E1A2C0 /* ViewController.swift in Sources */ = {isa = PBXBuildFile; fileRef = 222DB1571DEB1EF400E1A2C0 /* ViewController.swift */; };
		222DB15B1DEB1EF400E1A2C0 /* Main.storyboard in Resources */ = {isa = PBXBuildFile; fileRef = 222DB1591DEB1EF400E1A2C0 /* Main.storyboard */; };
		222DB15D1DEB1EF400E1A2C0 /* Assets.xcassets in Resources */ = {isa = PBXBuildFile; fileRef = 222DB15C1DEB1EF400E1A2C0 /* Assets.xcassets */; };
		222DB1601DEB1EF400E1A2C0 /* LaunchScreen.storyboard in Resources */ = {isa = PBXBuildFile; fileRef = 222DB15E1DEB1EF400E1A2C0 /* LaunchScreen.storyboard */; };
/* End PBXBuildFile section */

/* Begin PBXFileReference section */
		222DB1521DEB1EF400E1A2C0 /* GetJsonDataFromURL.app */ = {isa = PBXFileReference; explicitFileType = wrapper.application; includeInIndex = 0; path = GetJsonDataFromURL.app; sourceTree = BUILT_PRODUCTS_DIR; };
		222DB1551DEB1EF400E1A2C0 /* AppDelegate.swift */ = {isa = PBXFileReference; lastKnownFileType = sourcecode.swift; path = AppDelegate.swift; sourceTree = "<group>"; };
		222DB1571DEB1EF400E1A2C0 /* ViewController.swift */ = {isa = PBXFileReference; lastKnownFileType = sourcecode.swift; path = ViewController.swift; sourceTree = "<group>"; };
		222DB15A1DEB1EF400E1A2C0 /* Base */ = {isa = PBXFileReference; lastKnownFileType = file.storyboard; name = Base; path = Base.lproj/Main.storyboard; sourceTree = "<group>"; };
		222DB15C1DEB1EF400E1A2C0 /* Assets.xcassets */ = {isa = PBXFileReference; lastKnownFileType = folder.assetcatalog; path = Assets.xcassets; sourceTree = "<group>"; };
		222DB15F1DEB1EF400E1A2C0 /* Base */ = {isa = PBXFileReference; lastKnownFileType = file.storyboard; name = Base; path = Base.lproj/LaunchScreen.storyboard; sourceTree = "<group>"; };
		222DB1611DEB1EF400E1A2C0 /* Info.plist */ = {isa = PBXFileReference; lastKnownFileType = text.plist.xml; path = Info.plist; sourceTree = "<group>"; };
/* End PBXFileReference section */

/* Begin PBXFrameworksBuildPhase section */
		222DB14F1DEB1EF400E1A2C0 /* Frameworks */ = {
			isa = PBXFrameworksBuildPhase;
			buildActionMask = 2147483647;
			files = (
			);
			runOnlyForDeploymentPostprocessing = 0;
		};
/* End PBXFrameworksBuildPhase section */

/* Begin PBXGroup section */
		222DB1491DEB1EF400E1A2C0 = {
			isa = PBXGroup;
			children = (
				222DB1541DEB1EF400E1A2C0 /* GetJsonDataFromURL */,
				222DB1531DEB1EF400E1A2C0 /* Products */,
			);
			sourceTree = "<group>";
		};
		222DB1531DEB1EF400E1A2C0 /* Products */ = {
			isa = PBXGroup;
			children = (
				222DB1521DEB1EF400E1A2C0 /* GetJsonDataFromURL.app */,
			);
			name = Products;
			sourceTree = "<group>";
		};
		222DB1541DEB1EF400E1A2C0 /* GetJsonDataFromURL */ = {
			isa = PBXGroup;
			children = (
				222DB1551DEB1EF400E1A2C0 /* AppDelegate.swift */,
				222DB1571DEB1EF400E1A2C0 /* ViewController.swift */,
				222DB1591DEB1EF400E1A2C0 /* Main.storyboard */,
				222DB15C1DEB1EF400E1A2C0 /* Assets.xcassets */,
				222DB15E1DEB1EF400E1A2C0 /* LaunchScreen.storyboard */,
				222DB1611DEB1EF400E1A2C0 /* Info.plist */,
			);
			path = GetJsonDataFromURL;
			sourceTree = "<group>";
		};
/* End PBXGroup section */

/* Begin PBXNativeTarget section */
		222DB1511DEB1EF400E1A2C0 /* GetJsonDataFromURL */ = {
			isa = PBXNativeTarget;
			buildConfigurationList = 222DB1641DEB1EF400E1A2C0 /* Build configuration list for PBXNativeTarget "GetJsonDataFromURL" */;
			buildPhases = (
				222DB14E1DEB1EF400E1A2C0 /* Sources */,
				222DB14F1DEB1EF400E1A2C0 /* Frameworks */,
				222DB1501DEB1EF400E1A2C0 /* Resources */,
			);
			buildRules = (
			);
			dependencies = (
			);
			name = GetJsonDataFromURL;
			productName = GetJsonDataFromURL;
			productReference = 222DB1521DEB1EF400E1A2C0 /* GetJsonDataFromURL.app */;
			productType = "com.apple.product-type.application";
		};
/* End PBXNativeTarget section */

/* Begin PBXProject section */
		222DB14A1DEB1EF400E1A2C0 /* Project object */ = {
			isa = PBXProject;
			attributes = {
				LastSwiftUpdateCheck = 0810;
				LastUpgradeCheck = 0810;
				ORGANIZATIONNAME = Frank.Chen;
				TargetAttributes = {
					222DB1511DEB1EF400E1A2C0 = {
						CreatedOnToolsVersion = 8.1;
						DevelopmentTeam = N5R68YAD3A;
						ProvisioningStyle = Automatic;
					};
				};
			};
			buildConfigurationList = 222DB14D1DEB1EF400E1A2C0 /* Build configuration list for PBXProject "GetJsonDataFromURL" */;
			compatibilityVersion = "Xcode 3.2";
			developmentRegion = English;
			hasScannedForEncodings = 0;
			knownRegions = (
				en,
				Base,
			);
			mainGroup = 222DB1491DEB1EF400E1A2C0;
			productRefGroup = 222DB1531DEB1EF400E1A2C0 /* Products */;
			projectDirPath = "";
			projectRoot = "";
			targets = (
				222DB1511DEB1EF400E1A2C0 /* GetJsonDataFromURL */,
			);
		};
/* End PBXProject section */

/* Begin PBXResourcesBuildPhase section */
		222DB1501DEB1EF400E1A2C0 /* Resources */ = {
			isa = PBXResourcesBuildPhase;
			buildActionMask = 2147483647;
			files = (
				222DB1601DEB1EF400E1A2C0 /* LaunchScreen.storyboard in Resources */,
				222DB15D1DEB1EF400E1A2C0 /* Assets.xcassets in Resources */,
				222DB15B1DEB1EF400E1A2C0 /* Main.storyboard in Resources */,
			);
			runOnlyForDeploymentPostprocessing = 0;
		};
/* End PBXResourcesBuildPhase section */

/* Begin PBXSourcesBuildPhase section */
		222DB14E1DEB1EF400E1A2C0 /* Sources */ = {
			isa = PBXSourcesBuildPhase;
			buildActionMask = 2147483647;
			files = (
				222DB1581DEB1EF400E1A2C0 /* ViewController.swift in Sources */,
				222DB1561DEB1EF400E1A2C0 /* AppDelegate.swift in Sources */,
			);
			runOnlyForDeploymentPostprocessing = 0;
		};
/* End PBXSourcesBuildPhase section */

/* Begin PBXVariantGroup section */
		222DB1591DEB1EF400E1A2C0 /* Main.storyboard */ = {
			isa = PBXVariantGroup;
			children = (
				222DB15A1DEB1EF400E1A2C0 /* Base */,
			);
			name = Main.storyboard;
			sourceTree = "<group>";
		};
		222DB15E1DEB1EF400E1A2C0 /* LaunchScreen.storyboard */ = {
			isa = PBXVariantGroup;
			children = (
				222DB15F1DEB1EF400E1A2C0 /* Base */,
			);
			name = LaunchScreen.storyboard;
			sourceTree = "<group>";
		};
/* End PBXVariantGroup section */

/* Begin XCBuildConfiguration section */
		222DB1621DEB1EF400E1A2C0 /* Debug */ = {
			isa = XCBuildConfiguration;
			buildSettings = {
				ALWAYS_SEARCH_USER_PATHS = NO;
				CLANG_ANALYZER_NONNULL = YES;
				CLANG_CXX_LANGUAGE_STANDARD = "gnu++0x";
				CLANG_CXX_LIBRARY = "libc++";
				CLANG_ENABLE_MODULES = YES;
				CLANG_ENABLE_OBJC_ARC = YES;
				CLANG_WARN_BOOL_CONVERSION = YES;
				CLANG_WARN_CONSTANT_CONVERSION = YES;
				CLANG_WARN_DIRECT_OBJC_ISA_USAGE = YES_ERROR;
				CLANG_WARN_DOCUMENTATION_COMMENTS = YES;
				CLANG_WARN_EMPTY_BODY = YES;
				CLANG_WARN_ENUM_CONVERSION = YES;
				CLANG_WARN_INFINITE_RECURSION = YES;
				CLANG_WARN_INT_CONVERSION = YES;
				CLANG_WARN_OBJC_ROOT_CLASS = YES_ERROR;
				CLANG_WARN_SUSPICIOUS_MOVES = YES;
				CLANG_WARN_UNREACHABLE_CODE = YES;
				CLANG_WARN__DUPLICATE_METHOD_MATCH = YES;
				"CODE_SIGN_IDENTITY[sdk=iphoneos*]" = "iPhone Developer";
				COPY_PHASE_STRIP = NO;
				DEBUG_INFORMATION_FORMAT = dwarf;
				ENABLE_STRICT_OBJC_MSGSEND = YES;
				ENABLE_TESTABILITY = YES;
				GCC_C_LANGUAGE_STANDARD = gnu99;
				GCC_DYNAMIC_NO_PIC = NO;
				GCC_NO_COMMON_BLOCKS = YES;
				GCC_OPTIMIZATION_LEVEL = 0;
				GCC_PREPROCESSOR_DEFINITIONS = (
					"DEBUG=1",
					"$(inherited)",
				);
				GCC_WARN_64_TO_32_BIT_CONVERSION = YES;
				GCC_WARN_ABOUT_RETURN_TYPE = YES_ERROR;
				GCC_WARN_UNDECLARED_SELECTOR = YES;
				GCC_WARN_UNINITIALIZED_AUTOS = YES_AGGRESSIVE;
				GCC_WARN_UNUSED_FUNCTION = YES;
				GCC_WARN_UNUSED_VARIABLE = YES;
				IPHONEOS_DEPLOYMENT_TARGET = 10.1;
				MTL_ENABLE_DEBUG_INFO = YES;
				ONLY_ACTIVE_ARCH = YES;
				SDKROOT = iphoneos;
				SWIFT_ACTIVE_COMPILATION_CONDITIONS = DEBUG;
				SWIFT_OPTIMIZATION_LEVEL = "-Onone";
			};
			name = Debug;
		};
		222DB1631DEB1EF400E1A2C0 /* Release */ = {
			isa = XCBuildConfiguration;
			buildSettings = {
				ALWAYS_SEARCH_USER_PATHS = NO;
				CLANG_ANALYZER_NONNULL = YES;
				CLANG_CXX_LANGUAGE_STANDARD = "gnu++0x";
				CLANG_CXX_LIBRARY = "libc++";
				CLANG_ENABLE_MODULES = YES;
				CLANG_ENABLE_OBJC_ARC = YES;
				CLANG_WARN_BOOL_CONVERSION = YES;
				CLANG_WARN_CONSTANT_CONVERSION = YES;
				CLANG_WARN_DIRECT_OBJC_ISA_USAGE = YES_ERROR;
				CLANG_WARN_DOCUMENTATION_COMMENTS = YES;
				CLANG_WARN_EMPTY_BODY = YES;
				CLANG_WARN_ENUM_CONVERSION = YES;
				CLANG_WARN_INFINITE_RECURSION = YES;
				CLANG_WARN_INT_CONVERSION = YES;
				CLANG_WARN_OBJC_ROOT_CLASS = YES_ERROR;
				CLANG_WARN_SUSPICIOUS_MOVES = YES;
				CLANG_WARN_UNREACHABLE_CODE = YES;
				CLANG_WARN__DUPLICATE_METHOD_MATCH = YES;
				"CODE_SIGN_IDENTITY[sdk=iphoneos*]" = "iPhone Developer";
				COPY_PHASE_STRIP = NO;
				DEBUG_INFORMATION_FORMAT = "dwarf-with-dsym";
				ENABLE_NS_ASSERTIONS = NO;
				ENABLE_STRICT_OBJC_MSGSEND = YES;
				GCC_C_LANGUAGE_STANDARD = gnu99;
				GCC_NO_COMMON_BLOCKS = YES;
				GCC_WARN_64_TO_32_BIT_CONVERSION = YES;
				GCC_WARN_ABOUT_RETURN_TYPE = YES_ERROR;
				GCC_WARN_UNDECLARED_SELECTOR = YES;
				GCC_WARN_UNINITIALIZED_AUTOS = YES_AGGRESSIVE;
				GCC_WARN_UNUSED_FUNCTION = YES;
				GCC_WARN_UNUSED_VARIABLE = YES;
				IPHONEOS_DEPLOYMENT_TARGET = 10.1;
				MTL_ENABLE_DEBUG_INFO = NO;
				SDKROOT = iphoneos;
				SWIFT_OPTIMIZATION_LEVEL = "-Owholemodule";
				VALIDATE_PRODUCT = YES;
			};
			name = Release;
		};
		222DB1651DEB1EF400E1A2C0 /* Debug */ = {
			isa = XCBuildConfiguration;
			buildSettings = {
				ASSETCATALOG_COMPILER_APPICON_NAME = AppIcon;
				DEVELOPMENT_TEAM = N5R68YAD3A;
				INFOPLIST_FILE = GetJsonDataFromURL/Info.plist;
				LD_RUNPATH_SEARCH_PATHS = "$(inherited) @executable_path/Frameworks";
				PRODUCT_BUNDLE_IDENTIFIER = Frank.Chen.GetJsonDataFromURL;
				PRODUCT_NAME = "$(TARGET_NAME)";
				SWIFT_VERSION = 3.0;
			};
			name = Debug;
		};
		222DB1661DEB1EF400E1A2C0 /* Release */ = {
			isa = XCBuildConfiguration;
			buildSettings = {
				ASSETCATALOG_COMPILER_APPICON_NAME = AppIcon;
				DEVELOPMENT_TEAM = N5R68YAD3A;
				INFOPLIST_FILE = GetJsonDataFromURL/Info.plist;
				LD_RUNPATH_SEARCH_PATHS = "$(inherited) @executable_path/Frameworks";
				PRODUCT_BUNDLE_IDENTIFIER = Frank.Chen.GetJsonDataFromURL;
				PRODUCT_NAME = "$(TARGET_NAME)";
				SWIFT_VERSION = 3.0;
			};
			name = Release;
		};
/* End XCBuildConfiguration section */

/* Begin XCConfigurationList section */
		222DB14D1DEB1EF400E1A2C0 /* Build configuration list for PBXProject "GetJsonDataFromURL" */ = {
			isa = XCConfigurationList;
			buildConfigurations = (
				222DB1621DEB1EF400E1A2C0 /* Debug */,
				222DB1631DEB1EF400E1A2C0 /* Release */,
			);
			defaultConfigurationIsVisible = 0;
			defaultConfigurationName = Release;
		};
		222DB1641DEB1EF400E1A2C0 /* Build configuration list for PBXNativeTarget "GetJsonDataFromURL" */ = {
			isa = XCConfigurationList;
			buildConfigurations = (
				222DB1651DEB1EF400E1A2C0 /* Debug */,
				222DB1661DEB1EF400E1A2C0 /* Release */,
			);
			defaultConfigurationIsVisible = 0;
		};
/* End XCConfigurationList section */
	};
	rootObject = 222DB14A1DEB1EF400E1A2C0 /* Project object */;
}
